filippo.io/edwards25519 v1.2.0 h1:crnVqOiS4jqYleHd9vaKZ+HKtHfllngJIiOpNpoJsjo=
filippo.io/edwards25519 v1.2.0/go.mod h1:xzAOLCNug/yB62zG1bQ8uziwrIqIuxhctzJT18Q77mc=
github.com/beeper/argo-go v1.1.2 h1:UQI2G8F+NLfGTOmTUI0254pGKx/HUU/etbUGTJv91Fs=
github.com/beeper/argo-go v1.1.2/go.mod h1:M+LJAnyowKVQ6Rdj6XYGEn+qcVFkb3R/MUpqkGR0hM4=
github.com/coder/websocket v1.8.14 h1:9L0p0iKiNOibykf283eHkKUHHrpG7f65OE3BhhO7v9g=
github.com/coder/websocket v1.8.14/go.mod h1:NX3SzP+inril6yawo5CQXx8+fk145lPDC6pumgx0mVg=
github.com/elliotchance/orderedmap/v3 v3.1.0 h1:j4DJ5ObEmMBt/lcwIecKcoRxIQUEnw0L804lXYDt/pg=
github.com/elliotchance/orderedmap/v3 v3.1.0/go.mod h1:G+Hc2RwaZvJMcS4JpGCOyViCnGeKf0bTYCGTO4uhjSo=
github.com/google/uuid v1.6.0 h1:NIvaJDMOsjHA8n1jAhLSgzrAzy1Hgr+hNrb57e+94F0=
github.com/google/uuid v1.6.0/go.mod h1:TIyPZe4MgqvfeYDBFedMoGGpEw/LqOeaOT+nhxU+yHo=
github.com/hebcal/hebcal-go v0.11.1 h1:xoGXmyfkghwEVedBiTmAab2LmMjrKf2zq/95z8ye3Yg=
github.com/hebcal/hebcal-go v0.11.1/go.mod h1:9V0SYR7wUwU3tXspdOfsnrbJJcFf4hFWFHXQB+rxIe0=
github.com/mattn/go-colorable v0.1.14 h1:9A9LHSqF/7dyVVX6g0U9cwm9pG3kP9gSzcuIPHPsaIE=
github.com/mattn/go-colorable v0.1.14/go.mod h1:6LmQG8QLFO4G5z1gPvYEzlUgJ2wF+stgPZH1UqBm1s8=
github.com/mattn/go-isatty v0.0.21 h1:xYae+lCNBP7QuW4PUnNG61ffM4hVIfm+zUzDuSzYLGs=
github.com/mattn/go-isatty v0.0.21/go.mod h1:ZXfXG4SQHsB/w3ZeOYbR0PrPwLy+n6xiMrJlRFqopa4=
github.com/mattn/go-sqlite3 v1.14.42 h1:MigqEP4ZmHw3aIdIT7T+9TLa90Z6smwcthx+Azv4Cgo=
github.com/mattn/go-sqlite3 v1.14.42/go.mod h1:pjEuOr8IwzLJP2MfGeTb0A35jauH+C2kbHKBr7yXKVQ=
github.com/mdp/qrterminal/v3 v3.2.1 h1:6+yQjiiOsSuXT5n9/m60E54vdgFsw0zhADHhHLrFet4=
github.com/mdp/qrterminal/v3 v3.2.1/go.mod h1:jOTmXvnBsMy5xqLniO0R++Jmjs2sTm9dFSuQ5kpz/SU=
github.com/nathan-osman/go-sunrise v1.1.0 h1:ZqZmtmtzs8Os/DGQYi0YMHpuUqR/iRoJK+wDO0wTCw8=
github.com/nathan-osman/go-sunrise v1.1.0/go.mod h1:RcWqhT+5ShCZDev79GuWLayetpJp78RSjSWxiDowmlM=
github.com/petermattis/goid v0.0.0-20260330135022-df67b199bc81 h1:WDsQxOJDy0N1VRAjXLpi8sCEZRSGarLWQevDxpTBRrM=
github.com/petermattis/goid v0.0.0-20260330135022-df67b199bc81/go.mod h1:pxMtw7cyUw6B2bRH0ZBANSPg+AoSud1I1iyJHI69jH4=
github.com/rs/zerolog v1.35.0 h1:VD0ykx7HMiMJytqINBsKcbLS+BJ4WYjz+05us+LRTdI=
github.com/rs/zerolog v1.35.0/go.mod h1:EjML9kdfa/RMA7h/6z6pYmq1ykOuA8/mjWaEvGI+jcw=
github.com/vektah/gqlparser/v2 v2.5.32 h1:k9QPJd4sEDTL+qB4ncPLflqTJ3MmjB9SrVzJrawpFSc=
github.com/vektah/gqlparser/v2 v2.5.32/go.mod h1:c1I28gSOVNzlfc4WuDlqU7voQnsqI6OG2amkBAFmgts=
go.mau.fi/libsignal v0.2.1 h1:vRZG4EzTn70XY6Oh/pVKrQGuMHBkAWlGRC22/85m9L0=
go.mau.fi/libsignal v0.2.1/go.mod h1:iVvjrHyfQqWajOUaMEsIfo3IqgVMrhWcPiiEzk7NgoU=
go.mau.fi/util v0.9.7 h1:AWGNbJfz1zRcQOKeOEYhKUG2fT+/26Gy6kyqcH8tnBg=
go.mau.fi/util v0.9.7/go.mod h1:5T2f3ZWZFAGgmFwg3dGw7YK6kIsb9lryDzvynoR98pE=
go.mau.fi/whatsmeow v0.0.0-20260414172242-d4ffc1df2442 h1:n/4WIhtG1HvKp/uBxFVMYWYMjsgr7T+2aXZEGDsxDvY=
go.mau.fi/whatsmeow v0.0.0-20260414172242-d4ffc1df2442/go.mod h1:mXCRFyPEPn4jqWz6Afirn8vY7DpHCPnlKq6I2cWwFHM=
golang.org/x/crypto v0.50.0 h1:zO47/JPrL6vsNkINmLoo/PH1gcxpls50DNogFvB5ZGI=
golang.org/x/crypto v0.50.0/go.mod h1:3muZ7vA7PBCE6xgPX7nkzzjiUq87kRItoJQM1Yo8S+Q=
golang.org/x/exp v0.0.0-20260410095643-746e56fc9e2f h1:W3F4c+6OLc6H2lb//N1q4WpJkhzJCK5J6kUi1NTVXfM=
golang.org/x/exp v0.0.0-20260410095643-746e56fc9e2f/go.mod h1:J1xhfL/vlindoeF/aINzNzt2Bket5bjo9sdOYzOsU80=
golang.org/x/net v0.53.0 h1:d+qAbo5L0orcWAr0a9JweQpjXF19LMXJE8Ey7hwOdUA=
golang.org/x/net v0.53.0/go.mod h1:JvMuJH7rrdiCfbeHoo3fCQU24Lf5JJwT9W3sJFulfgs=
golang.org/x/sys v0.43.0 h1:Rlag2XtaFTxp19wS8MXlJwTvoh8ArU6ezoyFsMyCTNI=
golang.org/x/sys v0.43.0/go.mod h1:4GL1E5IUh+htKOUEOaiffhrAeqysfVGipDYzABqnCmw=
golang.org/x/term v0.42.0 h1:UiKe+zDFmJobeJ5ggPwOshJIVt6/Ft0rcfrXZDLWAWY=
golang.org/x/term v0.42.0/go.mod h1:Dq/D+snpsbazcBG5+F9Q1n2rXV8Ma+71xEjTRufARgY=
golang.org/x/text v0.36.0 h1:JfKh3XmcRPqZPKevfXVpI1wXPTqbkE5f7JA92a55Yxg=
golang.org/x/text v0.36.0/go.mod h1:NIdBknypM8iqVmPiuco0Dh6P5Jcdk8lJL0CUebqK164=
google.golang.org/protobuf v1.36.11 h1:fV6ZwhNocDyBLK0dj+fg8ektcVegBBuEolpbTQyBNVE=
google.golang.org/protobuf v1.36.11/go.mod h1:HTf+CrKn2C3g5S8VImy6tdcUvCska2kB7j23XfzDpco=
rsc.io/qr v0.2.0 h1:6vBLea5/NRMVTz8V66gipeLycZMl/+UlFmk8DvqQ6WY=
rsc.io/qr v0.2.0/go.mod h1:IF+uZjkb9fqyeF/4tlBoynqmQxUoPfWEKh921coOuXs=
